{
  "name": "@gzhangx/googleapi",
  "version": "0.0.73",
  "lockfileVersion": 2,
  "requires": true,
  "packages": {
    "": {
      "name": "@gzhangx/googleapi",
      "version": "0.0.73",
      "license": "ISC",
      "devDependencies": {
        "@types/node": "^17.0.21",
        "typescript": "^4.6.2"
      }
    },
    "node_modules/@types/node": {
      "version": "17.0.21",
      "dev": true,
      "license": "MIT"
    },
    "node_modules/typescript": {
      "version": "4.6.2",
      "dev": true,
      "license": "Apache-2.0",
      "bin": {
        "tsc": "bin/tsc",
        "tsserver": "bin/tsserver"
      },
      "engines": {
        "node": ">=4.2.0"
      }
    }
  },
  "dependencies": {
    "@types/node": {
      "version": "17.0.21",
      "dev": true
    },
    "typescript": {
      "version": "4.6.2",
      "dev": true
    }
  }
}
